github.com/razonyang/hugo-theme-bootstrap v1.0.0-alpha.1.0.20220708160018-560a68166b0a h1:FzffbByA62dyQMLR1HW7BIK+vKaBufjqb+8nXHAbTj8=
github.com/razonyang/hugo-theme-bootstrap v1.0.0-alpha.1.0.20220708160018-560a68166b0a/go.mod h1:o+IIPL/5wreiTojnN4MsQqKuxbv3fWAQnMhG9geltQo=
github.com/razonyang/hugo-theme-bootstrap v1.0.0-alpha.1.0.20220709075819-a5c93d6e6a09 h1:eX1trf3xWK1DgsI6apzkLYOM6ly5yU2KRCoGJdETGZE=
github.com/razonyang/hugo-theme-bootstrap v1.0.0-alpha.1.0.20220709075819-a5c93d6e6a09/go.mod h1:o+IIPL/5wreiTojnN4MsQqKuxbv3fWAQnMhG9geltQo=
