github.com/razonyang/hugo-theme-bootstrap v1.0.0-alpha.11 h1:E/YDX6gYWOYGNJIXAkAyB+FCahtAM+HQTUbOtd54lyo=
github.com/razonyang/hugo-theme-bootstrap v1.0.0-alpha.11/go.mod h1:o+IIPL/5wreiTojnN4MsQqKuxbv3fWAQnMhG9geltQo=
github.com/razonyang/hugo-theme-bootstrap v1.0.0-alpha.14 h1:nhgaIpVda38Z7SyUtTm4VjjH05qpcHeelwOCy8/OvKY=
github.com/razonyang/hugo-theme-bootstrap v1.0.0-alpha.14/go.mod h1:o+IIPL/5wreiTojnN4MsQqKuxbv3fWAQnMhG9geltQo=
