github.com/razonyang/hugo-theme-bootstrap v1.7.2 h1:PWeBsTOOa01XY4ASGHAVmsb16Z0D2R0QYisRVQSJO7Y=
github.com/razonyang/hugo-theme-bootstrap v1.7.2/go.mod h1:o+IIPL/5wreiTojnN4MsQqKuxbv3fWAQnMhG9geltQo=
github.com/razonyang/hugo-theme-bootstrap v1.12.1 h1:lXbvSZNs73d3jyVY4dfGB0iFL3jjzpfMxKm90Ps8WxM=
github.com/razonyang/hugo-theme-bootstrap v1.12.1/go.mod h1:o+IIPL/5wreiTojnN4MsQqKuxbv3fWAQnMhG9geltQo=
github.com/razonyang/hugo-theme-bootstrap v1.13.2 h1:bmn6BtyWOkPsDycWeL1GFGoRkIYyZUuqwWYdpEG9tWQ=
github.com/razonyang/hugo-theme-bootstrap v1.13.2/go.mod h1:o+IIPL/5wreiTojnN4MsQqKuxbv3fWAQnMhG9geltQo=
